
Microsoft Visual Studio Solution File, Format Version 12.00
# Visual Studio 15
VisualStudioVersion = 15.0.28307.572
MinimumVisualStudioVersion = 10.0.40219.1
Project("{FAE04EC0-301F-11D3-BF4B-00C04F79EFBC}") = "SportNews", "SportNews\SportNews.csproj", "{3ACE00E3-0E7A-4A0B-B673-8199D072B70C}"
EndProject
Global
	GlobalSection(SolutionConfigurationPlatforms) = preSolution
		Debug|Any CPU = Debug|Any CPU
		Release|Any CPU = Release|Any CPU
	EndGlobalSection
	GlobalSection(ProjectConfigurationPlatforms) = postSolution
		{3ACE00E3-0E7A-4A0B-B673-8199D072B70C}.Debug|Any CPU.ActiveCfg = Debug|Any CPU
		{3ACE00E3-0E7A-4A0B-B673-8199D072B70C}.Debug|Any CPU.Build.0 = Debug|Any CPU
		{3ACE00E3-0E7A-4A0B-B673-8199D072B70C}.Release|Any CPU.ActiveCfg = Release|Any CPU
		{3ACE00E3-0E7A-4A0B-B673-8199D072B70C}.Release|Any CPU.Build.0 = Release|Any CPU
	EndGlobalSection
	GlobalSection(SolutionProperties) = preSolution
		HideSolutionNode = FALSE
	EndGlobalSection
	GlobalSection(ExtensibilityGlobals) = postSolution
		SolutionGuid = {36D3A4DA-18F1-4B02-AF91-8FCA0A693BCA}
	EndGlobalSection
EndGlobal
